{
  "name": "@hotwired/strada",
  "version": "0.9.1",
  "lockfileVersion": 1,
  "requires": true,
  "dependencies": {
    "@stimulus/core": {
      "version": "2.0.0",
      "resolved": "https://registry.npmjs.org/@stimulus/core/-/core-2.0.0.tgz",
      "integrity": "sha512-ff70GafKtzc8zQ1/cG+UvL06GcifPWovf2wBEdjLMh9xO2GOYURO3y2RYgzIGYUIBefQwyfX2CLfJdZFJrEPTw==",
      "requires": {
        "@stimulus/mutation-observers": "^2.0.0"
      }
    },
    "@stimulus/multimap": {
      "version": "2.0.0",
      "resolved": "https://registry.npmjs.org/@stimulus/multimap/-/multimap-2.0.0.tgz",
      "integrity": "sha512-pMBCewkZCFVB3e5mEMoyO9+9aKzHDITmf3OnPun51YWxlcPdHcwbjqm1ylK63fsoduIE+RowBpFwFqd3poEz4w=="
    },
    "@stimulus/mutation-observers": {
      "version": "2.0.0",
      "resolved": "https://registry.npmjs.org/@stimulus/mutation-observers/-/mutation-observers-2.0.0.tgz",
      "integrity": "sha512-kx4VAJdPhIGBQKGIoUDC2tupEKorG3A+ckc2b1UiwInKTMAC1axOHU8ebcwhaJIxRqIrs8//4SJo9YAAOx6FEg==",
      "requires": {
        "@stimulus/multimap": "^2.0.0"
      }
    },
    "@stimulus/webpack-helpers": {
      "version": "2.0.0",
      "resolved": "https://registry.npmjs.org/@stimulus/webpack-helpers/-/webpack-helpers-2.0.0.tgz",
      "integrity": "sha512-D6tJWsAC024MwGEIKlUVYU8Ln87mlrmiwHvYAjipg+s8H4eLxUMQ3PZkWyPevfipH+oR3leuHsjYsK1gN5ViQA=="
    },
    "esbuild": {
      "version": "0.8.23",
      "resolved": "https://registry.npmjs.org/esbuild/-/esbuild-0.8.23.tgz",
      "integrity": "sha512-LkgCmotGnhVgRGxjDkTBBYrnJ5stcxK+40cEJGtXUS16hcAWy90cn1qjxKCogzLPJ75gW/L6ejly7VKrMstVGQ==",
      "dev": true
    },
    "stimulus": {
      "version": "2.0.0",
      "resolved": "https://registry.npmjs.org/stimulus/-/stimulus-2.0.0.tgz",
      "integrity": "sha512-xipy7BS5TVpg4fX6S8LhrYZp7cmHGjmk09WSAiVx1gF5S5g43IWsuetfUhIk8HfHUG+4MQ9nY0FQz4dRFLs/8w==",
      "requires": {
        "@stimulus/core": "^2.0.0",
        "@stimulus/webpack-helpers": "^2.0.0"
      }
    },
    "tslib": {
      "version": "2.0.3",
      "resolved": "https://registry.npmjs.org/tslib/-/tslib-2.0.3.tgz",
      "integrity": "sha512-uZtkfKblCEQtZKBF6EBXVZeQNl82yqtDQdv+eck8u7tdPxjLu2/lp5/uPW+um2tpuxINHWy3GhiccY7QgEaVHQ==",
      "dev": true
    },
    "typescript": {
      "version": "3.9.7",
      "resolved": "https://registry.npmjs.org/typescript/-/typescript-3.9.7.tgz",
      "integrity": "sha512-BLbiRkiBzAwsjut4x/dsibSTB6yWpwT5qWmC2OfuCg3GgVQCSgMs4vEctYPhsaGtd0AeuuHMkjZ2h2WG8MSzRw==",
      "dev": true
    }
  }
}
